{
  "name": "beginning-elm",
  "version": "1.0.0",
  "lockfileVersion": 1,
  "requires": true,
  "dependencies": {
    "@github/image-crop-element": {
      "version": "3.0.4",
      "resolved": "https://registry.npmjs.org/@github/image-crop-element/-/image-crop-element-3.0.4.tgz",
      "integrity": "sha512-/3ZKqYY9v/nRVA3jpXx2gZqUtHfCQUKfQmS+XyYO4+pHpFJf77wrVDRiBFeqLCXbE2K16mGkO4Tw+rjpFZW5wg=="
    }
  }
}
